schema: '2.0'
stages:
  prepare:
    cmd: python src/prepare.py
    deps:
    - path: src/prepare.py
      hash: md5
      md5: d55671f5b5a1768684cb282fe3b5e97a
      size: 448
    outs:
    - path: data/raw
      hash: md5
      md5: e879c4f5500d7309db96668c1b6e6328.dir
      size: 54951002
      nfiles: 1
  preprocess:
    cmd: python src/preprocess.py
    deps:
    - path: data/raw
      hash: md5
      md5: e879c4f5500d7309db96668c1b6e6328.dir
      size: 54951002
      nfiles: 1
    - path: src/preprocess.py
      hash: md5
      md5: 0fb9179629d45a61ec16430619bf901a
      size: 919
    params:
      params.yaml:
        preprocess.seed: 42
        preprocess.val_size: 0.1
    outs:
    - path: data/processed
      hash: md5
      md5: 0a82242e6724020aa472fdfd293fd0ac.dir
      size: 439111486
      nfiles: 1
  train:
    cmd: python src/train.py
    deps:
    - path: data/processed
      hash: md5
      md5: 0a82242e6724020aa472fdfd293fd0ac.dir
      size: 439111486
      nfiles: 1
    - path: src/train.py
      hash: md5
      md5: e877f53d3a78180ead1ed6a5a1d4bfc2
      size: 1095
    params:
      params.yaml:
        train.batch_size: 64
        train.dense_units: 256
        train.dropout_rate: 0.2
        train.epochs: 10
        train.learning_rate: 0.001
    outs:
    - path: models
      hash: md5
      md5: f45f98fd2ae0c4b4d3baa21ce2b33b2a.dir
      size: 2467713
      nfiles: 2
  evaluate:
    cmd: python src/evaluate.py
    deps:
    - path: data/processed
      hash: md5
      md5: 0a82242e6724020aa472fdfd293fd0ac.dir
      size: 439111486
      nfiles: 1
    - path: models/model.h5
      hash: md5
      md5: 4939a33a7d098cbf896a8012e9301aee
      size: 2466904
    - path: src/evaluate.py
      hash: md5
      md5: d0fb47eb1ba300526819dfb9b401cbb3
      size: 915
    outs:
    - path: confusion_matrix.png
      hash: md5
      md5: e28c0141b51b429c5d737490fd2a7e26
      size: 48059
    - path: metrics.json
      hash: md5
      md5: 3200759ad335d4451091d5a9a84cc772
      size: 80
